<?xml version="1.0" encoding="utf-8"?>
<Project ToolsVersion="4.0" xmlns="http://schemas.microsoft.com/developer/msbuild/2003">
  <ItemGroup>
    <Filter Include="Source Files">
      <UniqueIdentifier>{4FC737F1-C7A5-4376-A066-2A32D752A2FF}</UniqueIdentifier>
      <Extensions>cpp;c;cc;cxx;c++;cppm;ixx;def;odl;idl;hpj;bat;asm;asmx</Extensions>
    </Filter>
    <Filter Include="ClassicalEncryptionTechniques">
      <UniqueIdentifier>{9d18ac85-007b-4119-8df4-645e6f3f65b8}</UniqueIdentifier>
    </Filter>
    <Filter Include="DataEncryptionStandard">
      <UniqueIdentifier>{cbd28432-7d12-4fe8-a253-f29c862659e9}</UniqueIdentifier>
    </Filter>
    <Filter Include="AdvancedEncryptionStandard">
      <UniqueIdentifier>{4f07ad47-88e3-4527-a640-6af9caecf982}</UniqueIdentifier>
    </Filter>
    <Filter Include="NumberTheory">
      <UniqueIdentifier>{59dd9070-6dd6-4ec0-ab4e-274298076cf0}</UniqueIdentifier>
    </Filter>
    <Filter Include="Polynomial Arithmetic">
      <UniqueIdentifier>{edd5af58-7c35-46a0-b65c-b5bb9b14c1fa}</UniqueIdentifier>
    </Filter>
  </ItemGroup>
  <ItemGroup>
    <ClCompile Include="Test.cpp">
      <Filter>Source Files</Filter>
    </ClCompile>
    <ClCompile Include="ExtendedGCD.h">
      <Filter>ClassicalEncryptionTechniques</Filter>
    </ClCompile>
    <ClCompile Include="NumberTheory.h">
      <Filter>NumberTheory</Filter>
    </ClCompile>
    <ClCompile Include="Polynomial Arithmetic 1.h">
      <Filter>Polynomial Arithmetic</Filter>
    </ClCompile>
  </ItemGroup>
  <ItemGroup>
    <ClInclude Include="MonoAlphabeticCipher.h">
      <Filter>ClassicalEncryptionTechniques</Filter>
    </ClInclude>
    <ClInclude Include="AffineCipher.h">
      <Filter>ClassicalEncryptionTechniques</Filter>
    </ClInclude>
    <ClInclude Include="PlayfairCipher.h">
      <Filter>ClassicalEncryptionTechniques</Filter>
    </ClInclude>
    <ClInclude Include="VigenereCipher.h">
      <Filter>ClassicalEncryptionTechniques</Filter>
    </ClInclude>
    <ClInclude Include="AES.h">
      <Filter>AdvancedEncryptionStandard</Filter>
    </ClInclude>
    <ClInclude Include="DES.h">
      <Filter>DataEncryptionStandard</Filter>
    </ClInclude>
    <ClInclude Include="Polynomial Arithmetic 0.h">
      <Filter>Polynomial Arithmetic</Filter>
    </ClInclude>
  </ItemGroup>
</Project>