<?xml version="1.0" encoding="utf-8"?>
<Project ToolsVersion="4.0" xmlns="http://schemas.microsoft.com/developer/msbuild/2003">
  <ItemGroup>
    <Filter Include="Source Files">
      <UniqueIdentifier>{4FC737F1-C7A5-4376-A066-2A32D752A2FF}</UniqueIdentifier>
      <Extensions>cpp;c;cc;cxx;c++;cppm;ixx;def;odl;idl;hpj;bat;asm;asmx</Extensions>
    </Filter>
    <Filter Include="Header Files">
      <UniqueIdentifier>{93995380-89BD-4b04-88EB-625FBE52EBFB}</UniqueIdentifier>
      <Extensions>h;hh;hpp;hxx;h++;hm;inl;inc;ipp;xsd</Extensions>
    </Filter>
    <Filter Include="Resource Files">
      <UniqueIdentifier>{67DA6AB6-F800-4c08-8B7A-83BB121AAD01}</UniqueIdentifier>
      <Extensions>rc;ico;cur;bmp;dlg;rc2;rct;bin;rgs;gif;jpg;jpeg;jpe;resx;tiff;tif;png;wav;mfcribbon-ms</Extensions>
    </Filter>
    <Filter Include="Header Files\Classical Encryption Techniques">
      <UniqueIdentifier>{6a0cd078-da4d-4168-ac91-35a980854cb4}</UniqueIdentifier>
    </Filter>
    <Filter Include="Header Files\Polynomial Arithmetic">
      <UniqueIdentifier>{4388aa9b-6f19-4d63-baf3-7773ca478518}</UniqueIdentifier>
    </Filter>
    <Filter Include="Header Files\Advanced Encryption Standard">
      <UniqueIdentifier>{fb15164d-5c06-4b1b-b536-bbbdb83cf886}</UniqueIdentifier>
    </Filter>
    <Filter Include="Header Files\Data Encryption Standard">
      <UniqueIdentifier>{5d3f5432-1b03-41bd-a66c-e9938bfcd41d}</UniqueIdentifier>
    </Filter>
    <Filter Include="Header Files\Number Theory">
      <UniqueIdentifier>{5d3f8930-15ad-48cc-b26d-f8f1906c0f89}</UniqueIdentifier>
    </Filter>
    <Filter Include="GUI">
      <UniqueIdentifier>{ef4ebc87-d4c4-4ab2-b101-9318634cb883}</UniqueIdentifier>
    </Filter>
    <Filter Include="GUI\Classical Encryption Techniques">
      <UniqueIdentifier>{a194e73b-e9c8-4144-97bb-01b87fa22e2f}</UniqueIdentifier>
    </Filter>
    <Filter Include="GUI\Polynomial Arithmetic">
      <UniqueIdentifier>{afb6d05d-7788-4a27-ae1b-d041749d805a}</UniqueIdentifier>
    </Filter>
    <Filter Include="GUI\Advanced Encryption Standard">
      <UniqueIdentifier>{5d845f5a-38fc-4dcf-b8c9-67720ddec987}</UniqueIdentifier>
    </Filter>
    <Filter Include="GUI\Data Encryption Standard">
      <UniqueIdentifier>{4cd01e14-a338-4323-b4a6-95fb596fee20}</UniqueIdentifier>
    </Filter>
    <Filter Include="GUI\Number Theory">
      <UniqueIdentifier>{cd3fd14e-2383-4178-954d-19324b98d87f}</UniqueIdentifier>
    </Filter>
  </ItemGroup>
  <ItemGroup>
    <ClInclude Include="AffineCipher.h">
      <Filter>Header Files\Classical Encryption Techniques</Filter>
    </ClInclude>
    <ClInclude Include="ExtendedGCD.h">
      <Filter>Header Files\Classical Encryption Techniques</Filter>
    </ClInclude>
    <ClInclude Include="MonoAlphabeticCipher.h">
      <Filter>Header Files\Classical Encryption Techniques</Filter>
    </ClInclude>
    <ClInclude Include="PlayfairCipher.h">
      <Filter>Header Files\Classical Encryption Techniques</Filter>
    </ClInclude>
    <ClInclude Include="VigenereCipher.h">
      <Filter>Header Files\Classical Encryption Techniques</Filter>
    </ClInclude>
    <ClInclude Include="Polynomial ArithmeticEasy.h">
      <Filter>Header Files\Polynomial Arithmetic</Filter>
    </ClInclude>
    <ClInclude Include="Polynomial ArithmeticHard.h">
      <Filter>Header Files\Polynomial Arithmetic</Filter>
    </ClInclude>
    <ClInclude Include="AES.h">
      <Filter>Header Files\Advanced Encryption Standard</Filter>
    </ClInclude>
    <ClInclude Include="DES.h">
      <Filter>Header Files\Data Encryption Standard</Filter>
    </ClInclude>
    <ClInclude Include="NumberTheory.h">
      <Filter>Header Files\Number Theory</Filter>
    </ClInclude>
    <ClInclude Include="ClassicalEncryptionTechniques.h">
      <Filter>GUI\Classical Encryption Techniques</Filter>
    </ClInclude>
    <ClInclude Include="PolynomialArithmetic.h">
      <Filter>GUI\Polynomial Arithmetic</Filter>
    </ClInclude>
    <ClInclude Include="AdvancedEncryptionStandard.h">
      <Filter>GUI\Advanced Encryption Standard</Filter>
    </ClInclude>
    <ClInclude Include="DataEncryptionStandard.h">
      <Filter>GUI\Data Encryption Standard</Filter>
    </ClInclude>
    <ClInclude Include="Number_Theory.h">
      <Filter>GUI\Number Theory</Filter>
    </ClInclude>
    <ClInclude Include="MainForm.h">
      <Filter>GUI</Filter>
    </ClInclude>
  </ItemGroup>
  <ItemGroup>
    <ClCompile Include="ClassicalEncryptionTechniques.cpp">
      <Filter>GUI\Classical Encryption Techniques</Filter>
    </ClCompile>
    <ClCompile Include="PolynomialArithmetic.cpp">
      <Filter>GUI\Polynomial Arithmetic</Filter>
    </ClCompile>
    <ClCompile Include="AdvancedEncryptionStandard.cpp">
      <Filter>GUI\Advanced Encryption Standard</Filter>
    </ClCompile>
    <ClCompile Include="DataEncryptionStandard.cpp">
      <Filter>GUI\Data Encryption Standard</Filter>
    </ClCompile>
    <ClCompile Include="Number_Theory.cpp">
      <Filter>GUI\Number Theory</Filter>
    </ClCompile>
    <ClCompile Include="MainForm.cpp">
      <Filter>GUI</Filter>
    </ClCompile>
  </ItemGroup>
</Project>