<?xml version="1.0" encoding="utf-8"?>
<Project ToolsVersion="4.0" xmlns="http://schemas.microsoft.com/developer/msbuild/2003">
  <ItemGroup>
    <Filter Include="Source Files">
      <UniqueIdentifier>{4FC737F1-C7A5-4376-A066-2A32D752A2FF}</UniqueIdentifier>
      <Extensions>cpp;c;cc;cxx;c++;cppm;ixx;def;odl;idl;hpj;bat;asm;asmx</Extensions>
    </Filter>
    <Filter Include="Header Files">
      <UniqueIdentifier>{93995380-89BD-4b04-88EB-625FBE52EBFB}</UniqueIdentifier>
      <Extensions>h;hh;hpp;hxx;h++;hm;inl;inc;ipp;xsd</Extensions>
    </Filter>
    <Filter Include="Resource Files">
      <UniqueIdentifier>{67DA6AB6-F800-4c08-8B7A-83BB121AAD01}</UniqueIdentifier>
      <Extensions>rc;ico;cur;bmp;dlg;rc2;rct;bin;rgs;gif;jpg;jpeg;jpe;resx;tiff;tif;png;wav;mfcribbon-ms</Extensions>
    </Filter>
    <Filter Include="Header Files\Classical Encryption Techniques">
      <UniqueIdentifier>{e0e112d4-66da-4469-be00-83c08c3a1dca}</UniqueIdentifier>
    </Filter>
    <Filter Include="Header Files\Polynomial Arithmetic">
      <UniqueIdentifier>{fb2408ba-4d5f-4c9f-9ff8-3699d34c30f4}</UniqueIdentifier>
    </Filter>
    <Filter Include="Header Files\Number Theory">
      <UniqueIdentifier>{422ab6c5-b799-4904-9abc-c583161e0bb9}</UniqueIdentifier>
    </Filter>
    <Filter Include="Header Files\Advanced Encryption Standard">
      <UniqueIdentifier>{5b29946e-953d-48f2-b759-1ed905844af0}</UniqueIdentifier>
    </Filter>
    <Filter Include="Header Files\Data Encryption Standard">
      <UniqueIdentifier>{30312726-8527-4fba-982e-4e2c05cc9e63}</UniqueIdentifier>
    </Filter>
  </ItemGroup>
  <ItemGroup>
    <ClInclude Include="framework.h">
      <Filter>Header Files</Filter>
    </ClInclude>
    <ClInclude Include="targetver.h">
      <Filter>Header Files</Filter>
    </ClInclude>
    <ClInclude Include="Resource.h">
      <Filter>Header Files</Filter>
    </ClInclude>
    <ClInclude Include="CryptoolProject.h">
      <Filter>Header Files</Filter>
    </ClInclude>
    <ClInclude Include="AffineCipher.h">
      <Filter>Header Files\Classical Encryption Techniques</Filter>
    </ClInclude>
    <ClInclude Include="MonoAlphabeticCipher.h">
      <Filter>Header Files\Classical Encryption Techniques</Filter>
    </ClInclude>
    <ClInclude Include="VigenereCipher.h">
      <Filter>Header Files\Classical Encryption Techniques</Filter>
    </ClInclude>
    <ClInclude Include="PlayfairCipher.h">
      <Filter>Header Files\Classical Encryption Techniques</Filter>
    </ClInclude>
    <ClInclude Include="ExtendedGCD.h">
      <Filter>Header Files\Classical Encryption Techniques</Filter>
    </ClInclude>
    <ClInclude Include="AES.h">
      <Filter>Header Files\Advanced Encryption Standard</Filter>
    </ClInclude>
    <ClInclude Include="DES.h">
      <Filter>Header Files\Data Encryption Standard</Filter>
    </ClInclude>
    <ClInclude Include="NumberTheory.h">
      <Filter>Header Files\Number Theory</Filter>
    </ClInclude>
    <ClInclude Include="PolynomialArithmeticEasy.h">
      <Filter>Header Files\Polynomial Arithmetic</Filter>
    </ClInclude>
    <ClInclude Include="PolynomialArithmeticHard.h">
      <Filter>Header Files\Polynomial Arithmetic</Filter>
    </ClInclude>
  </ItemGroup>
  <ItemGroup>
    <ClCompile Include="CryptoolProject.cpp">
      <Filter>Source Files</Filter>
    </ClCompile>
  </ItemGroup>
  <ItemGroup>
    <ResourceCompile Include="CryptoolProject.rc">
      <Filter>Resource Files</Filter>
    </ResourceCompile>
  </ItemGroup>
  <ItemGroup>
    <Image Include="small.ico">
      <Filter>Resource Files</Filter>
    </Image>
    <Image Include="CryptoolProject.ico">
      <Filter>Resource Files</Filter>
    </Image>
  </ItemGroup>
</Project>